
Microsoft Visual Studio Solution File, Format Version 12.00
Project("{FAE04EC0-301F-11D3-BF4B-00C04F79EFBC}") = "FacialExpressionTrainingTool.Web", "FacialExpressionTrainingTool.Web\FacialExpressionTrainingTool.Web.csproj", "{2B666CE1-FECD-4446-829C-6302688E7FCB}"
EndProject
Project("{FAE04EC0-301F-11D3-BF4B-00C04F79EFBC}") = "FacialExpressionTrainingTool.Business", "FacialExpressionTrainingTool.Business\FacialExpressionTrainingTool.Business.csproj", "{420803BB-BD52-4AEB-946F-50DE3E25AC0C}"
EndProject
Project("{FAE04EC0-301F-11D3-BF4B-00C04F79EFBC}") = "FacialExpressionTrainingTool.Domain", "FacialExpressionTrainingTool.Domain\FacialExpressionTrainingTool.Domain.csproj", "{98A4BD0F-228D-4BB3-8ABE-B2313A701CE1}"
EndProject
Global
	GlobalSection(SolutionConfigurationPlatforms) = preSolution
		Debug|Any CPU = Debug|Any CPU
		Release|Any CPU = Release|Any CPU
	EndGlobalSection
	GlobalSection(ProjectConfigurationPlatforms) = postSolution
		{2B666CE1-FECD-4446-829C-6302688E7FCB}.Debug|Any CPU.ActiveCfg = Debug|Any CPU
		{2B666CE1-FECD-4446-829C-6302688E7FCB}.Debug|Any CPU.Build.0 = Debug|Any CPU
		{2B666CE1-FECD-4446-829C-6302688E7FCB}.Release|Any CPU.ActiveCfg = Release|Any CPU
		{2B666CE1-FECD-4446-829C-6302688E7FCB}.Release|Any CPU.Build.0 = Release|Any CPU
		{420803BB-BD52-4AEB-946F-50DE3E25AC0C}.Debug|Any CPU.ActiveCfg = Debug|Any CPU
		{420803BB-BD52-4AEB-946F-50DE3E25AC0C}.Debug|Any CPU.Build.0 = Debug|Any CPU
		{420803BB-BD52-4AEB-946F-50DE3E25AC0C}.Release|Any CPU.ActiveCfg = Release|Any CPU
		{420803BB-BD52-4AEB-946F-50DE3E25AC0C}.Release|Any CPU.Build.0 = Release|Any CPU
		{98A4BD0F-228D-4BB3-8ABE-B2313A701CE1}.Debug|Any CPU.ActiveCfg = Debug|Any CPU
		{98A4BD0F-228D-4BB3-8ABE-B2313A701CE1}.Debug|Any CPU.Build.0 = Debug|Any CPU
		{98A4BD0F-228D-4BB3-8ABE-B2313A701CE1}.Release|Any CPU.ActiveCfg = Release|Any CPU
		{98A4BD0F-228D-4BB3-8ABE-B2313A701CE1}.Release|Any CPU.Build.0 = Release|Any CPU
	EndGlobalSection
EndGlobal
